# This file is autogenerated, do not edit; changes may be undone by the next 'dep ensure'.


[[projects]]
  name = "github.com/go-chi/chi"
  packages = ["."]
  revision = "12a98d329f12aac9e94b72c713437350c948a5e2"
  version = "v3.1.1"

[[projects]]
  name = "github.com/nicolai86/things-cloud-sdk"
  packages = ["."]
  revision = "ec8e42c0f1be7d82cc65bfa32d5751d95c645f55"
  version = "v0.1.0"

[solve-meta]
  analyzer-name = "dep"
  analyzer-version = 1
  inputs-digest = "1f002d2c4ee7c270f8f1875b5b645ad01917d308a9077e421509c6da0000305e"
  solver-name = "gps-cdcl"
  solver-version = 1
